
Microsoft Visual Studio Solution File, Format Version 12.00
# Visual Studio Version 17
VisualStudioVersion = 17.13.35931.197 d17.13
MinimumVisualStudioVersion = 10.0.40219.1
Project("{9A19103F-16F7-4668-BE54-9A1E7A4F7556}") = "AUEUMS", "AUEUMS\AUEUMS.csproj", "{67912CDC-69F4-465A-9E3A-D9DE3672F069}"
EndProject
Global
	GlobalSection(SolutionConfigurationPlatforms) = preSolution
		Debug|Any CPU = Debug|Any CPU
		Release|Any CPU = Release|Any CPU
	EndGlobalSection
	GlobalSection(ProjectConfigurationPlatforms) = postSolution
		{67912CDC-69F4-465A-9E3A-D9DE3672F069}.Debug|Any CPU.ActiveCfg = Debug|Any CPU
		{67912CDC-69F4-465A-9E3A-D9DE3672F069}.Debug|Any CPU.Build.0 = Debug|Any CPU
		{67912CDC-69F4-465A-9E3A-D9DE3672F069}.Release|Any CPU.ActiveCfg = Release|Any CPU
		{67912CDC-69F4-465A-9E3A-D9DE3672F069}.Release|Any CPU.Build.0 = Release|Any CPU
	EndGlobalSection
	GlobalSection(SolutionProperties) = preSolution
		HideSolutionNode = FALSE
	EndGlobalSection
	GlobalSection(ExtensibilityGlobals) = postSolution
		SolutionGuid = {3E94C8E1-4FDA-4958-9F7D-8B335D419E59}
	EndGlobalSection
EndGlobal
